
Microsoft Visual Studio Solution File, Format Version 12.00
# Visual Studio Version 17
VisualStudioVersion = 17.14.36203.30
MinimumVisualStudioVersion = 10.0.40219.1
Project("{2150E333-8FDC-42A3-9474-1A3956D46DE8}") = "Bootstrapper", "Bootstrapper", "{02EA681E-C7D8-13C7-8484-4AC65E1B71E8}"
EndProject
Project("{2150E333-8FDC-42A3-9474-1A3956D46DE8}") = "Modules", "Modules", "{2042AA69-B024-4A5A-8868-B2A10B71BBD8}"
EndProject
Project("{2150E333-8FDC-42A3-9474-1A3956D46DE8}") = "Shared", "Shared", "{1F733F6D-C992-43B1-9CF0-C3389868F8D3}"
EndProject
Project("{FAE04EC0-301F-11D3-BF4B-00C04F79EFBC}") = "Api", "Bootstrapper\Api\Api.csproj", "{645A92B5-6A56-463E-BE50-E6363AC5EE2A}"
EndProject
Project("{2150E333-8FDC-42A3-9474-1A3956D46DE8}") = "Catalog", "Catalog", "{3412D5FA-356F-4498-A008-794BCA68E5C7}"
EndProject
Project("{2150E333-8FDC-42A3-9474-1A3956D46DE8}") = "Basket", "Basket", "{5E6B648E-FB35-4F3A-BCEE-A498824E2A69}"
EndProject
Project("{2150E333-8FDC-42A3-9474-1A3956D46DE8}") = "Ordering", "Ordering", "{48BAA2EF-1C0A-4AAA-8DD7-267535A18A31}"
EndProject
Project("{FAE04EC0-301F-11D3-BF4B-00C04F79EFBC}") = "Catalog", "Modules\Catalog\Catalog\Catalog.csproj", "{596487FC-0295-42D2-8411-08DF8471090B}"
EndProject
Project("{FAE04EC0-301F-11D3-BF4B-00C04F79EFBC}") = "Basket", "Modules\Basket\Basket\Basket.csproj", "{A4836B76-BC8E-4D8D-8EF0-4CD1F765388D}"
EndProject
Project("{FAE04EC0-301F-11D3-BF4B-00C04F79EFBC}") = "Ordering", "Modules\Ordering\Ordering\Ordering.csproj", "{53E33497-9229-4811-9AB7-581BA6767B8D}"
EndProject
Project("{FAE04EC0-301F-11D3-BF4B-00C04F79EFBC}") = "Shared", "Shared\Shared\Shared.csproj", "{59219397-A075-4CD7-9DDC-C446F4A2B932}"
EndProject
Project("{E53339B2-1760-4266-BCC7-CA923CBCF16C}") = "docker-compose", "docker-compose.dcproj", "{81DDED9D-158B-E303-5F62-77A2896D2A5A}"
EndProject
Global
	GlobalSection(SolutionConfigurationPlatforms) = preSolution
		Debug|Any CPU = Debug|Any CPU
		Release|Any CPU = Release|Any CPU
	EndGlobalSection
	GlobalSection(ProjectConfigurationPlatforms) = postSolution
		{645A92B5-6A56-463E-BE50-E6363AC5EE2A}.Debug|Any CPU.ActiveCfg = Debug|Any CPU
		{645A92B5-6A56-463E-BE50-E6363AC5EE2A}.Debug|Any CPU.Build.0 = Debug|Any CPU
		{645A92B5-6A56-463E-BE50-E6363AC5EE2A}.Release|Any CPU.ActiveCfg = Release|Any CPU
		{645A92B5-6A56-463E-BE50-E6363AC5EE2A}.Release|Any CPU.Build.0 = Release|Any CPU
		{596487FC-0295-42D2-8411-08DF8471090B}.Debug|Any CPU.ActiveCfg = Debug|Any CPU
		{596487FC-0295-42D2-8411-08DF8471090B}.Debug|Any CPU.Build.0 = Debug|Any CPU
		{596487FC-0295-42D2-8411-08DF8471090B}.Release|Any CPU.ActiveCfg = Release|Any CPU
		{596487FC-0295-42D2-8411-08DF8471090B}.Release|Any CPU.Build.0 = Release|Any CPU
		{A4836B76-BC8E-4D8D-8EF0-4CD1F765388D}.Debug|Any CPU.ActiveCfg = Debug|Any CPU
		{A4836B76-BC8E-4D8D-8EF0-4CD1F765388D}.Debug|Any CPU.Build.0 = Debug|Any CPU
		{A4836B76-BC8E-4D8D-8EF0-4CD1F765388D}.Release|Any CPU.ActiveCfg = Release|Any CPU
		{A4836B76-BC8E-4D8D-8EF0-4CD1F765388D}.Release|Any CPU.Build.0 = Release|Any CPU
		{53E33497-9229-4811-9AB7-581BA6767B8D}.Debug|Any CPU.ActiveCfg = Debug|Any CPU
		{53E33497-9229-4811-9AB7-581BA6767B8D}.Debug|Any CPU.Build.0 = Debug|Any CPU
		{53E33497-9229-4811-9AB7-581BA6767B8D}.Release|Any CPU.ActiveCfg = Release|Any CPU
		{53E33497-9229-4811-9AB7-581BA6767B8D}.Release|Any CPU.Build.0 = Release|Any CPU
		{59219397-A075-4CD7-9DDC-C446F4A2B932}.Debug|Any CPU.ActiveCfg = Debug|Any CPU
		{59219397-A075-4CD7-9DDC-C446F4A2B932}.Debug|Any CPU.Build.0 = Debug|Any CPU
		{59219397-A075-4CD7-9DDC-C446F4A2B932}.Release|Any CPU.ActiveCfg = Release|Any CPU
		{59219397-A075-4CD7-9DDC-C446F4A2B932}.Release|Any CPU.Build.0 = Release|Any CPU
		{81DDED9D-158B-E303-5F62-77A2896D2A5A}.Debug|Any CPU.ActiveCfg = Debug|Any CPU
		{81DDED9D-158B-E303-5F62-77A2896D2A5A}.Debug|Any CPU.Build.0 = Debug|Any CPU
		{81DDED9D-158B-E303-5F62-77A2896D2A5A}.Release|Any CPU.ActiveCfg = Release|Any CPU
		{81DDED9D-158B-E303-5F62-77A2896D2A5A}.Release|Any CPU.Build.0 = Release|Any CPU
	EndGlobalSection
	GlobalSection(SolutionProperties) = preSolution
		HideSolutionNode = FALSE
	EndGlobalSection
	GlobalSection(NestedProjects) = preSolution
		{645A92B5-6A56-463E-BE50-E6363AC5EE2A} = {02EA681E-C7D8-13C7-8484-4AC65E1B71E8}
		{3412D5FA-356F-4498-A008-794BCA68E5C7} = {2042AA69-B024-4A5A-8868-B2A10B71BBD8}
		{5E6B648E-FB35-4F3A-BCEE-A498824E2A69} = {2042AA69-B024-4A5A-8868-B2A10B71BBD8}
		{48BAA2EF-1C0A-4AAA-8DD7-267535A18A31} = {2042AA69-B024-4A5A-8868-B2A10B71BBD8}
		{596487FC-0295-42D2-8411-08DF8471090B} = {3412D5FA-356F-4498-A008-794BCA68E5C7}
		{A4836B76-BC8E-4D8D-8EF0-4CD1F765388D} = {5E6B648E-FB35-4F3A-BCEE-A498824E2A69}
		{53E33497-9229-4811-9AB7-581BA6767B8D} = {48BAA2EF-1C0A-4AAA-8DD7-267535A18A31}
		{59219397-A075-4CD7-9DDC-C446F4A2B932} = {1F733F6D-C992-43B1-9CF0-C3389868F8D3}
	EndGlobalSection
	GlobalSection(ExtensibilityGlobals) = postSolution
		SolutionGuid = {ED4CB234-ADD2-4EF3-9250-ADFCBAFD246B}
	EndGlobalSection
EndGlobal
